
Microsoft Visual Studio Solution File, Format Version 12.00
# Visual Studio 15
VisualStudioVersion = 15.0.27130.2027
MinimumVisualStudioVersion = 10.0.40219.1
Project("{FAE04EC0-301F-11D3-BF4B-00C04F79EFBC}") = "Consultorio Dental", "Consultorio Dental\Consultorio Dental.csproj", "{A6C2FEC7-099C-44A7-A7D0-F00828D59CBA}"
EndProject
Global
	GlobalSection(SolutionConfigurationPlatforms) = preSolution
		Debug|Any CPU = Debug|Any CPU
		Release|Any CPU = Release|Any CPU
	EndGlobalSection
	GlobalSection(ProjectConfigurationPlatforms) = postSolution
		{A6C2FEC7-099C-44A7-A7D0-F00828D59CBA}.Debug|Any CPU.ActiveCfg = Debug|Any CPU
		{A6C2FEC7-099C-44A7-A7D0-F00828D59CBA}.Debug|Any CPU.Build.0 = Debug|Any CPU
		{A6C2FEC7-099C-44A7-A7D0-F00828D59CBA}.Release|Any CPU.ActiveCfg = Release|Any CPU
		{A6C2FEC7-099C-44A7-A7D0-F00828D59CBA}.Release|Any CPU.Build.0 = Release|Any CPU
	EndGlobalSection
	GlobalSection(SolutionProperties) = preSolution
		HideSolutionNode = FALSE
	EndGlobalSection
	GlobalSection(ExtensibilityGlobals) = postSolution
		SolutionGuid = {9CA86FEA-4C40-4787-8EC1-C2B05EB45844}
	EndGlobalSection
EndGlobal
